
Microsoft Visual Studio Solution File, Format Version 12.00
# Visual Studio Version 17
VisualStudioVersion = 17.7.34018.315
MinimumVisualStudioVersion = 10.0.40219.1
Project("{9A19103F-16F7-4668-BE54-9A1E7A4F7556}") = "PadariaDoceAroma", "PadariaDoceAroma\PadariaDoceAroma.csproj", "{698199BD-9AB6-4B3D-BB4E-520E658F59BA}"
EndProject
Global
	GlobalSection(SolutionConfigurationPlatforms) = preSolution
		Debug|Any CPU = Debug|Any CPU
		Release|Any CPU = Release|Any CPU
	EndGlobalSection
	GlobalSection(ProjectConfigurationPlatforms) = postSolution
		{698199BD-9AB6-4B3D-BB4E-520E658F59BA}.Debug|Any CPU.ActiveCfg = Debug|Any CPU
		{698199BD-9AB6-4B3D-BB4E-520E658F59BA}.Debug|Any CPU.Build.0 = Debug|Any CPU
		{698199BD-9AB6-4B3D-BB4E-520E658F59BA}.Release|Any CPU.ActiveCfg = Release|Any CPU
		{698199BD-9AB6-4B3D-BB4E-520E658F59BA}.Release|Any CPU.Build.0 = Release|Any CPU
	EndGlobalSection
	GlobalSection(SolutionProperties) = preSolution
		HideSolutionNode = FALSE
	EndGlobalSection
	GlobalSection(ExtensibilityGlobals) = postSolution
		SolutionGuid = {A85D1212-F05B-4601-B8B8-19D3B19BE6BE}
	EndGlobalSection
EndGlobal
